// !$*UTF8*$!
{
	archiveVersion = 1;
	classes = {
	};
	objectVersion = 46;
	objects = {

/* Begin PBXBuildFile section */
		000B0F191EFB19D800DB79D2 /* AppDelegate.swift in Sources */ = {isa = PBXBuildFile; fileRef = 000B0F181EFB19D800DB79D2 /* AppDelegate.swift */; };
		000B0F1E1EFB19D800DB79D2 /* Main.storyboard in Resources */ = {isa = PBXBuildFile; fileRef = 000B0F1C1EFB19D800DB79D2 /* Main.storyboard */; };
		000B0F201EFB19D800DB79D2 /* Assets.xcassets in Resources */ = {isa = PBXBuildFile; fileRef = 000B0F1F1EFB19D800DB79D2 /* Assets.xcassets */; };
		000B0F231EFB19D800DB79D2 /* LaunchScreen.storyboard in Resources */ = {isa = PBXBuildFile; fileRef = 000B0F211EFB19D800DB79D2 /* LaunchScreen.storyboard */; };
		000B0F2E1EFB19D800DB79D2 /* HomepwnerTests.swift in Sources */ = {isa = PBXBuildFile; fileRef = 000B0F2D1EFB19D800DB79D2 /* HomepwnerTests.swift */; };
		000B0F391EFB19D800DB79D2 /* HomepwnerUITests.swift in Sources */ = {isa = PBXBuildFile; fileRef = 000B0F381EFB19D800DB79D2 /* HomepwnerUITests.swift */; };
		000B0F471EFB1A7F00DB79D2 /* ItemsViewController.swift in Sources */ = {isa = PBXBuildFile; fileRef = 000B0F461EFB1A7F00DB79D2 /* ItemsViewController.swift */; };
		000B0F491EFB1B4800DB79D2 /* Item.swift in Sources */ = {isa = PBXBuildFile; fileRef = 000B0F481EFB1B4800DB79D2 /* Item.swift */; };
		000B0F4B1EFB20F000DB79D2 /* ItemStore.swift in Sources */ = {isa = PBXBuildFile; fileRef = 000B0F4A1EFB20F000DB79D2 /* ItemStore.swift */; };
		001D47E01EFD5A6100E261CD /* ItemCell.swift in Sources */ = {isa = PBXBuildFile; fileRef = 001D47DF1EFD5A6100E261CD /* ItemCell.swift */; };
		001D47E21EFD6FEA00E261CD /* DetailViewController.swift in Sources */ = {isa = PBXBuildFile; fileRef = 001D47E11EFD6FEA00E261CD /* DetailViewController.swift */; };
/* End PBXBuildFile section */

/* Begin PBXContainerItemProxy section */
		000B0F2A1EFB19D800DB79D2 /* PBXContainerItemProxy */ = {
			isa = PBXContainerItemProxy;
			containerPortal = 000B0F0D1EFB19D800DB79D2 /* Project object */;
			proxyType = 1;
			remoteGlobalIDString = 000B0F141EFB19D800DB79D2;
			remoteInfo = Homepwner;
		};
		000B0F351EFB19D800DB79D2 /* PBXContainerItemProxy */ = {
			isa = PBXContainerItemProxy;
			containerPortal = 000B0F0D1EFB19D800DB79D2 /* Project object */;
			proxyType = 1;
			remoteGlobalIDString = 000B0F141EFB19D800DB79D2;
			remoteInfo = Homepwner;
		};
/* End PBXContainerItemProxy section */

/* Begin PBXFileReference section */
		000B0F151EFB19D800DB79D2 /* Homepwner.app */ = {isa = PBXFileReference; explicitFileType = wrapper.application; includeInIndex = 0; path = Homepwner.app; sourceTree = BUILT_PRODUCTS_DIR; };
		000B0F181EFB19D800DB79D2 /* AppDelegate.swift */ = {isa = PBXFileReference; lastKnownFileType = sourcecode.swift; path = AppDelegate.swift; sourceTree = "<group>"; };
		000B0F1D1EFB19D800DB79D2 /* Base */ = {isa = PBXFileReference; lastKnownFileType = file.storyboard; name = Base; path = Base.lproj/Main.storyboard; sourceTree = "<group>"; };
		000B0F1F1EFB19D800DB79D2 /* Assets.xcassets */ = {isa = PBXFileReference; lastKnownFileType = folder.assetcatalog; path = Assets.xcassets; sourceTree = "<group>"; };
		000B0F221EFB19D800DB79D2 /* Base */ = {isa = PBXFileReference; lastKnownFileType = file.storyboard; name = Base; path = Base.lproj/LaunchScreen.storyboard; sourceTree = "<group>"; };
		000B0F241EFB19D800DB79D2 /* Info.plist */ = {isa = PBXFileReference; lastKnownFileType = text.plist.xml; path = Info.plist; sourceTree = "<group>"; };
		000B0F291EFB19D800DB79D2 /* HomepwnerTests.xctest */ = {isa = PBXFileReference; explicitFileType = wrapper.cfbundle; includeInIndex = 0; path = HomepwnerTests.xctest; sourceTree = BUILT_PRODUCTS_DIR; };
		000B0F2D1EFB19D800DB79D2 /* HomepwnerTests.swift */ = {isa = PBXFileReference; lastKnownFileType = sourcecode.swift; path = HomepwnerTests.swift; sourceTree = "<group>"; };
		000B0F2F1EFB19D800DB79D2 /* Info.plist */ = {isa = PBXFileReference; lastKnownFileType = text.plist.xml; path = Info.plist; sourceTree = "<group>"; };
		000B0F341EFB19D800DB79D2 /* HomepwnerUITests.xctest */ = {isa = PBXFileReference; explicitFileType = wrapper.cfbundle; includeInIndex = 0; path = HomepwnerUITests.xctest; sourceTree = BUILT_PRODUCTS_DIR; };
		000B0F381EFB19D800DB79D2 /* HomepwnerUITests.swift */ = {isa = PBXFileReference; lastKnownFileType = sourcecode.swift; path = HomepwnerUITests.swift; sourceTree = "<group>"; };
		000B0F3A1EFB19D800DB79D2 /* Info.plist */ = {isa = PBXFileReference; lastKnownFileType = text.plist.xml; path = Info.plist; sourceTree = "<group>"; };
		000B0F461EFB1A7F00DB79D2 /* ItemsViewController.swift */ = {isa = PBXFileReference; fileEncoding = 4; lastKnownFileType = sourcecode.swift; name = ItemsViewController.swift; path = ../ItemsViewController.swift; sourceTree = "<group>"; };
		000B0F481EFB1B4800DB79D2 /* Item.swift */ = {isa = PBXFileReference; fileEncoding = 4; lastKnownFileType = sourcecode.swift; path = Item.swift; sourceTree = "<group>"; };
		000B0F4A1EFB20F000DB79D2 /* ItemStore.swift */ = {isa = PBXFileReference; fileEncoding = 4; lastKnownFileType = sourcecode.swift; path = ItemStore.swift; sourceTree = "<group>"; };
		001D47DF1EFD5A6100E261CD /* ItemCell.swift */ = {isa = PBXFileReference; fileEncoding = 4; lastKnownFileType = sourcecode.swift; path = ItemCell.swift; sourceTree = "<group>"; };
		001D47E11EFD6FEA00E261CD /* DetailViewController.swift */ = {isa = PBXFileReference; fileEncoding = 4; lastKnownFileType = sourcecode.swift; path = DetailViewController.swift; sourceTree = "<group>"; };
/* End PBXFileReference section */

/* Begin PBXFrameworksBuildPhase section */
		000B0F121EFB19D800DB79D2 /* Frameworks */ = {
			isa = PBXFrameworksBuildPhase;
			buildActionMask = 2147483647;
			files = (
			);
			runOnlyForDeploymentPostprocessing = 0;
		};
		000B0F261EFB19D800DB79D2 /* Frameworks */ = {
			isa = PBXFrameworksBuildPhase;
			buildActionMask = 2147483647;
			files = (
			);
			runOnlyForDeploymentPostprocessing = 0;
		};
		000B0F311EFB19D800DB79D2 /* Frameworks */ = {
			isa = PBXFrameworksBuildPhase;
			buildActionMask = 2147483647;
			files = (
			);
			runOnlyForDeploymentPostprocessing = 0;
		};
/* End PBXFrameworksBuildPhase section */

/* Begin PBXGroup section */
		000B0F0C1EFB19D800DB79D2 = {
			isa = PBXGroup;
			children = (
				000B0F171EFB19D800DB79D2 /* Homepwner */,
				000B0F2C1EFB19D800DB79D2 /* HomepwnerTests */,
				000B0F371EFB19D800DB79D2 /* HomepwnerUITests */,
				000B0F161EFB19D800DB79D2 /* Products */,
			);
			sourceTree = "<group>";
		};
		000B0F161EFB19D800DB79D2 /* Products */ = {
			isa = PBXGroup;
			children = (
				000B0F151EFB19D800DB79D2 /* Homepwner.app */,
				000B0F291EFB19D800DB79D2 /* HomepwnerTests.xctest */,
				000B0F341EFB19D800DB79D2 /* HomepwnerUITests.xctest */,
			);
			name = Products;
			sourceTree = "<group>";
		};
		000B0F171EFB19D800DB79D2 /* Homepwner */ = {
			isa = PBXGroup;
			children = (
				000B0F181EFB19D800DB79D2 /* AppDelegate.swift */,
				000B0F461EFB1A7F00DB79D2 /* ItemsViewController.swift */,
				001D47DF1EFD5A6100E261CD /* ItemCell.swift */,
				000B0F1C1EFB19D800DB79D2 /* Main.storyboard */,
				001D47E11EFD6FEA00E261CD /* DetailViewController.swift */,
				000B0F481EFB1B4800DB79D2 /* Item.swift */,
				000B0F4A1EFB20F000DB79D2 /* ItemStore.swift */,
				000B0F1F1EFB19D800DB79D2 /* Assets.xcassets */,
				000B0F211EFB19D800DB79D2 /* LaunchScreen.storyboard */,
				000B0F241EFB19D800DB79D2 /* Info.plist */,
			);
			path = Homepwner;
			sourceTree = "<group>";
		};
		000B0F2C1EFB19D800DB79D2 /* HomepwnerTests */ = {
			isa = PBXGroup;
			children = (
				000B0F2D1EFB19D800DB79D2 /* HomepwnerTests.swift */,
				000B0F2F1EFB19D800DB79D2 /* Info.plist */,
			);
			path = HomepwnerTests;
			sourceTree = "<group>";
		};
		000B0F371EFB19D800DB79D2 /* HomepwnerUITests */ = {
			isa = PBXGroup;
			children = (
				000B0F381EFB19D800DB79D2 /* HomepwnerUITests.swift */,
				000B0F3A1EFB19D800DB79D2 /* Info.plist */,
			);
			path = HomepwnerUITests;
			sourceTree = "<group>";
		};
/* End PBXGroup section */

/* Begin PBXNativeTarget section */
		000B0F141EFB19D800DB79D2 /* Homepwner */ = {
			isa = PBXNativeTarget;
			buildConfigurationList = 000B0F3D1EFB19D800DB79D2 /* Build configuration list for PBXNativeTarget "Homepwner" */;
			buildPhases = (
				000B0F111EFB19D800DB79D2 /* Sources */,
				000B0F121EFB19D800DB79D2 /* Frameworks */,
				000B0F131EFB19D800DB79D2 /* Resources */,
			);
			buildRules = (
			);
			dependencies = (
			);
			name = Homepwner;
			productName = Homepwner;
			productReference = 000B0F151EFB19D800DB79D2 /* Homepwner.app */;
			productType = "com.apple.product-type.application";
		};
		000B0F281EFB19D800DB79D2 /* HomepwnerTests */ = {
			isa = PBXNativeTarget;
			buildConfigurationList = 000B0F401EFB19D800DB79D2 /* Build configuration list for PBXNativeTarget "HomepwnerTests" */;
			buildPhases = (
				000B0F251EFB19D800DB79D2 /* Sources */,
				000B0F261EFB19D800DB79D2 /* Frameworks */,
				000B0F271EFB19D800DB79D2 /* Resources */,
			);
			buildRules = (
			);
			dependencies = (
				000B0F2B1EFB19D800DB79D2 /* PBXTargetDependency */,
			);
			name = HomepwnerTests;
			productName = HomepwnerTests;
			productReference = 000B0F291EFB19D800DB79D2 /* HomepwnerTests.xctest */;
			productType = "com.apple.product-type.bundle.unit-test";
		};
		000B0F331EFB19D800DB79D2 /* HomepwnerUITests */ = {
			isa = PBXNativeTarget;
			buildConfigurationList = 000B0F431EFB19D800DB79D2 /* Build configuration list for PBXNativeTarget "HomepwnerUITests" */;
			buildPhases = (
				000B0F301EFB19D800DB79D2 /* Sources */,
				000B0F311EFB19D800DB79D2 /* Frameworks */,
				000B0F321EFB19D800DB79D2 /* Resources */,
			);
			buildRules = (
			);
			dependencies = (
				000B0F361EFB19D800DB79D2 /* PBXTargetDependency */,
			);
			name = HomepwnerUITests;
			productName = HomepwnerUITests;
			productReference = 000B0F341EFB19D800DB79D2 /* HomepwnerUITests.xctest */;
			productType = "com.apple.product-type.bundle.ui-testing";
		};
/* End PBXNativeTarget section */

/* Begin PBXProject section */
		000B0F0D1EFB19D800DB79D2 /* Project object */ = {
			isa = PBXProject;
			attributes = {
				LastSwiftUpdateCheck = 0830;
				LastUpgradeCheck = 0830;
				ORGANIZATIONNAME = "Ryan Kurdewan";
				TargetAttributes = {
					000B0F141EFB19D800DB79D2 = {
						CreatedOnToolsVersion = 8.3.3;
						ProvisioningStyle = Automatic;
					};
					000B0F281EFB19D800DB79D2 = {
						CreatedOnToolsVersion = 8.3.3;
						ProvisioningStyle = Automatic;
						TestTargetID = 000B0F141EFB19D800DB79D2;
					};
					000B0F331EFB19D800DB79D2 = {
						CreatedOnToolsVersion = 8.3.3;
						ProvisioningStyle = Automatic;
						TestTargetID = 000B0F141EFB19D800DB79D2;
					};
				};
			};
			buildConfigurationList = 000B0F101EFB19D800DB79D2 /* Build configuration list for PBXProject "Homepwner" */;
			compatibilityVersion = "Xcode 3.2";
			developmentRegion = English;
			hasScannedForEncodings = 0;
			knownRegions = (
				en,
				Base,
			);
			mainGroup = 000B0F0C1EFB19D800DB79D2;
			productRefGroup = 000B0F161EFB19D800DB79D2 /* Products */;
			projectDirPath = "";
			projectRoot = "";
			targets = (
				000B0F141EFB19D800DB79D2 /* Homepwner */,
				000B0F281EFB19D800DB79D2 /* HomepwnerTests */,
				000B0F331EFB19D800DB79D2 /* HomepwnerUITests */,
			);
		};
/* End PBXProject section */

/* Begin PBXResourcesBuildPhase section */
		000B0F131EFB19D800DB79D2 /* Resources */ = {
			isa = PBXResourcesBuildPhase;
			buildActionMask = 2147483647;
			files = (
				000B0F231EFB19D800DB79D2 /* LaunchScreen.storyboard in Resources */,
				000B0F201EFB19D800DB79D2 /* Assets.xcassets in Resources */,
				000B0F1E1EFB19D800DB79D2 /* Main.storyboard in Resources */,
			);
			runOnlyForDeploymentPostprocessing = 0;
		};
		000B0F271EFB19D800DB79D2 /* Resources */ = {
			isa = PBXResourcesBuildPhase;
			buildActionMask = 2147483647;
			files = (
			);
			runOnlyForDeploymentPostprocessing = 0;
		};
		000B0F321EFB19D800DB79D2 /* Resources */ = {
			isa = PBXResourcesBuildPhase;
			buildActionMask = 2147483647;
			files = (
			);
			runOnlyForDeploymentPostprocessing = 0;
		};
/* End PBXResourcesBuildPhase section */

/* Begin PBXSourcesBuildPhase section */
		000B0F111EFB19D800DB79D2 /* Sources */ = {
			isa = PBXSourcesBuildPhase;
			buildActionMask = 2147483647;
			files = (
				000B0F471EFB1A7F00DB79D2 /* ItemsViewController.swift in Sources */,
				000B0F491EFB1B4800DB79D2 /* Item.swift in Sources */,
				000B0F4B1EFB20F000DB79D2 /* ItemStore.swift in Sources */,
				001D47E21EFD6FEA00E261CD /* DetailViewController.swift in Sources */,
				000B0F191EFB19D800DB79D2 /* AppDelegate.swift in Sources */,
				001D47E01EFD5A6100E261CD /* ItemCell.swift in Sources */,
			);
			runOnlyForDeploymentPostprocessing = 0;
		};
		000B0F251EFB19D800DB79D2 /* Sources */ = {
			isa = PBXSourcesBuildPhase;
			buildActionMask = 2147483647;
			files = (
				000B0F2E1EFB19D800DB79D2 /* HomepwnerTests.swift in Sources */,
			);
			runOnlyForDeploymentPostprocessing = 0;
		};
		000B0F301EFB19D800DB79D2 /* Sources */ = {
			isa = PBXSourcesBuildPhase;
			buildActionMask = 2147483647;
			files = (
				000B0F391EFB19D800DB79D2 /* HomepwnerUITests.swift in Sources */,
			);
			runOnlyForDeploymentPostprocessing = 0;
		};
/* End PBXSourcesBuildPhase section */

/* Begin PBXTargetDependency section */
		000B0F2B1EFB19D800DB79D2 /* PBXTargetDependency */ = {
			isa = PBXTargetDependency;
			target = 000B0F141EFB19D800DB79D2 /* Homepwner */;
			targetProxy = 000B0F2A1EFB19D800DB79D2 /* PBXContainerItemProxy */;
		};
		000B0F361EFB19D800DB79D2 /* PBXTargetDependency */ = {
			isa = PBXTargetDependency;
			target = 000B0F141EFB19D800DB79D2 /* Homepwner */;
			targetProxy = 000B0F351EFB19D800DB79D2 /* PBXContainerItemProxy */;
		};
/* End PBXTargetDependency section */

/* Begin PBXVariantGroup section */
		000B0F1C1EFB19D800DB79D2 /* Main.storyboard */ = {
			isa = PBXVariantGroup;
			children = (
				000B0F1D1EFB19D800DB79D2 /* Base */,
			);
			name = Main.storyboard;
			sourceTree = "<group>";
		};
		000B0F211EFB19D800DB79D2 /* LaunchScreen.storyboard */ = {
			isa = PBXVariantGroup;
			children = (
				000B0F221EFB19D800DB79D2 /* Base */,
			);
			name = LaunchScreen.storyboard;
			sourceTree = "<group>";
		};
/* End PBXVariantGroup section */

/* Begin XCBuildConfiguration section */
		000B0F3B1EFB19D800DB79D2 /* Debug */ = {
			isa = XCBuildConfiguration;
			buildSettings = {
				ALWAYS_SEARCH_USER_PATHS = NO;
				CLANG_ANALYZER_NONNULL = YES;
				CLANG_ANALYZER_NUMBER_OBJECT_CONVERSION = YES_AGGRESSIVE;
				CLANG_CXX_LANGUAGE_STANDARD = "gnu++0x";
				CLANG_CXX_LIBRARY = "libc++";
				CLANG_ENABLE_MODULES = YES;
				CLANG_ENABLE_OBJC_ARC = YES;
				CLANG_WARN_BOOL_CONVERSION = YES;
				CLANG_WARN_CONSTANT_CONVERSION = YES;
				CLANG_WARN_DIRECT_OBJC_ISA_USAGE = YES_ERROR;
				CLANG_WARN_DOCUMENTATION_COMMENTS = YES;
				CLANG_WARN_EMPTY_BODY = YES;
				CLANG_WARN_ENUM_CONVERSION = YES;
				CLANG_WARN_INFINITE_RECURSION = YES;
				CLANG_WARN_INT_CONVERSION = YES;
				CLANG_WARN_OBJC_ROOT_CLASS = YES_ERROR;
				CLANG_WARN_SUSPICIOUS_MOVE = YES;
				CLANG_WARN_UNREACHABLE_CODE = YES;
				CLANG_WARN__DUPLICATE_METHOD_MATCH = YES;
				"CODE_SIGN_IDENTITY[sdk=iphoneos*]" = "iPhone Developer";
				COPY_PHASE_STRIP = NO;
				DEBUG_INFORMATION_FORMAT = dwarf;
				ENABLE_STRICT_OBJC_MSGSEND = YES;
				ENABLE_TESTABILITY = YES;
				GCC_C_LANGUAGE_STANDARD = gnu99;
				GCC_DYNAMIC_NO_PIC = NO;
				GCC_NO_COMMON_BLOCKS = YES;
				GCC_OPTIMIZATION_LEVEL = 0;
				GCC_PREPROCESSOR_DEFINITIONS = (
					"DEBUG=1",
					"$(inherited)",
				);
				GCC_WARN_64_TO_32_BIT_CONVERSION = YES;
				GCC_WARN_ABOUT_RETURN_TYPE = YES_ERROR;
				GCC_WARN_UNDECLARED_SELECTOR = YES;
				GCC_WARN_UNINITIALIZED_AUTOS = YES_AGGRESSIVE;
				GCC_WARN_UNUSED_FUNCTION = YES;
				GCC_WARN_UNUSED_VARIABLE = YES;
				IPHONEOS_DEPLOYMENT_TARGET = 10.3;
				MTL_ENABLE_DEBUG_INFO = YES;
				ONLY_ACTIVE_ARCH = YES;
				SDKROOT = iphoneos;
				SWIFT_ACTIVE_COMPILATION_CONDITIONS = DEBUG;
				SWIFT_OPTIMIZATION_LEVEL = "-Onone";
				TARGETED_DEVICE_FAMILY = "1,2";
			};
			name = Debug;
		};
		000B0F3C1EFB19D800DB79D2 /* Release */ = {
			isa = XCBuildConfiguration;
			buildSettings = {
				ALWAYS_SEARCH_USER_PATHS = NO;
				CLANG_ANALYZER_NONNULL = YES;
				CLANG_ANALYZER_NUMBER_OBJECT_CONVERSION = YES_AGGRESSIVE;
				CLANG_CXX_LANGUAGE_STANDARD = "gnu++0x";
				CLANG_CXX_LIBRARY = "libc++";
				CLANG_ENABLE_MODULES = YES;
				CLANG_ENABLE_OBJC_ARC = YES;
				CLANG_WARN_BOOL_CONVERSION = YES;
				CLANG_WARN_CONSTANT_CONVERSION = YES;
				CLANG_WARN_DIRECT_OBJC_ISA_USAGE = YES_ERROR;
				CLANG_WARN_DOCUMENTATION_COMMENTS = YES;
				CLANG_WARN_EMPTY_BODY = YES;
				CLANG_WARN_ENUM_CONVERSION = YES;
				CLANG_WARN_INFINITE_RECURSION = YES;
				CLANG_WARN_INT_CONVERSION = YES;
				CLANG_WARN_OBJC_ROOT_CLASS = YES_ERROR;
				CLANG_WARN_SUSPICIOUS_MOVE = YES;
				CLANG_WARN_UNREACHABLE_CODE = YES;
				CLANG_WARN__DUPLICATE_METHOD_MATCH = YES;
				"CODE_SIGN_IDENTITY[sdk=iphoneos*]" = "iPhone Developer";
				COPY_PHASE_STRIP = NO;
				DEBUG_INFORMATION_FORMAT = "dwarf-with-dsym";
				ENABLE_NS_ASSERTIONS = NO;
				ENABLE_STRICT_OBJC_MSGSEND = YES;
				GCC_C_LANGUAGE_STANDARD = gnu99;
				GCC_NO_COMMON_BLOCKS = YES;
				GCC_WARN_64_TO_32_BIT_CONVERSION = YES;
				GCC_WARN_ABOUT_RETURN_TYPE = YES_ERROR;
				GCC_WARN_UNDECLARED_SELECTOR = YES;
				GCC_WARN_UNINITIALIZED_AUTOS = YES_AGGRESSIVE;
				GCC_WARN_UNUSED_FUNCTION = YES;
				GCC_WARN_UNUSED_VARIABLE = YES;
				IPHONEOS_DEPLOYMENT_TARGET = 10.3;
				MTL_ENABLE_DEBUG_INFO = NO;
				SDKROOT = iphoneos;
				SWIFT_OPTIMIZATION_LEVEL = "-Owholemodule";
				TARGETED_DEVICE_FAMILY = "1,2";
				VALIDATE_PRODUCT = YES;
			};
			name = Release;
		};
		000B0F3E1EFB19D800DB79D2 /* Debug */ = {
			isa = XCBuildConfiguration;
			buildSettings = {
				ASSETCATALOG_COMPILER_APPICON_NAME = AppIcon;
				INFOPLIST_FILE = Homepwner/Info.plist;
				LD_RUNPATH_SEARCH_PATHS = "$(inherited) @executable_path/Frameworks";
				PRODUCT_BUNDLE_IDENTIFIER = Kurdewan.Homepwner;
				PRODUCT_NAME = "$(TARGET_NAME)";
				SWIFT_VERSION = 3.0;
			};
			name = Debug;
		};
		000B0F3F1EFB19D800DB79D2 /* Release */ = {
			isa = XCBuildConfiguration;
			buildSettings = {
				ASSETCATALOG_COMPILER_APPICON_NAME = AppIcon;
				INFOPLIST_FILE = Homepwner/Info.plist;
				LD_RUNPATH_SEARCH_PATHS = "$(inherited) @executable_path/Frameworks";
				PRODUCT_BUNDLE_IDENTIFIER = Kurdewan.Homepwner;
				PRODUCT_NAME = "$(TARGET_NAME)";
				SWIFT_VERSION = 3.0;
			};
			name = Release;
		};
		000B0F411EFB19D800DB79D2 /* Debug */ = {
			isa = XCBuildConfiguration;
			buildSettings = {
				ALWAYS_EMBED_SWIFT_STANDARD_LIBRARIES = YES;
				BUNDLE_LOADER = "$(TEST_HOST)";
				INFOPLIST_FILE = HomepwnerTests/Info.plist;
				LD_RUNPATH_SEARCH_PATHS = "$(inherited) @executable_path/Frameworks @loader_path/Frameworks";
				PRODUCT_BUNDLE_IDENTIFIER = Kurdewan.HomepwnerTests;
				PRODUCT_NAME = "$(TARGET_NAME)";
				SWIFT_VERSION = 3.0;
				TEST_HOST = "$(BUILT_PRODUCTS_DIR)/Homepwner.app/Homepwner";
			};
			name = Debug;
		};
		000B0F421EFB19D800DB79D2 /* Release */ = {
			isa = XCBuildConfiguration;
			buildSettings = {
				ALWAYS_EMBED_SWIFT_STANDARD_LIBRARIES = YES;
				BUNDLE_LOADER = "$(TEST_HOST)";
				INFOPLIST_FILE = HomepwnerTests/Info.plist;
				LD_RUNPATH_SEARCH_PATHS = "$(inherited) @executable_path/Frameworks @loader_path/Frameworks";
				PRODUCT_BUNDLE_IDENTIFIER = Kurdewan.HomepwnerTests;
				PRODUCT_NAME = "$(TARGET_NAME)";
				SWIFT_VERSION = 3.0;
				TEST_HOST = "$(BUILT_PRODUCTS_DIR)/Homepwner.app/Homepwner";
			};
			name = Release;
		};
		000B0F441EFB19D800DB79D2 /* Debug */ = {
			isa = XCBuildConfiguration;
			buildSettings = {
				ALWAYS_EMBED_SWIFT_STANDARD_LIBRARIES = YES;
				INFOPLIST_FILE = HomepwnerUITests/Info.plist;
				LD_RUNPATH_SEARCH_PATHS = "$(inherited) @executable_path/Frameworks @loader_path/Frameworks";
				PRODUCT_BUNDLE_IDENTIFIER = Kurdewan.HomepwnerUITests;
				PRODUCT_NAME = "$(TARGET_NAME)";
				SWIFT_VERSION = 3.0;
				TEST_TARGET_NAME = Homepwner;
			};
			name = Debug;
		};
		000B0F451EFB19D800DB79D2 /* Release */ = {
			isa = XCBuildConfiguration;
			buildSettings = {
				ALWAYS_EMBED_SWIFT_STANDARD_LIBRARIES = YES;
				INFOPLIST_FILE = HomepwnerUITests/Info.plist;
				LD_RUNPATH_SEARCH_PATHS = "$(inherited) @executable_path/Frameworks @loader_path/Frameworks";
				PRODUCT_BUNDLE_IDENTIFIER = Kurdewan.HomepwnerUITests;
				PRODUCT_NAME = "$(TARGET_NAME)";
				SWIFT_VERSION = 3.0;
				TEST_TARGET_NAME = Homepwner;
			};
			name = Release;
		};
/* End XCBuildConfiguration section */

/* Begin XCConfigurationList section */
		000B0F101EFB19D800DB79D2 /* Build configuration list for PBXProject "Homepwner" */ = {
			isa = XCConfigurationList;
			buildConfigurations = (
				000B0F3B1EFB19D800DB79D2 /* Debug */,
				000B0F3C1EFB19D800DB79D2 /* Release */,
			);
			defaultConfigurationIsVisible = 0;
			defaultConfigurationName = Release;
		};
		000B0F3D1EFB19D800DB79D2 /* Build configuration list for PBXNativeTarget "Homepwner" */ = {
			isa = XCConfigurationList;
			buildConfigurations = (
				000B0F3E1EFB19D800DB79D2 /* Debug */,
				000B0F3F1EFB19D800DB79D2 /* Release */,
			);
			defaultConfigurationIsVisible = 0;
			defaultConfigurationName = Release;
		};
		000B0F401EFB19D800DB79D2 /* Build configuration list for PBXNativeTarget "HomepwnerTests" */ = {
			isa = XCConfigurationList;
			buildConfigurations = (
				000B0F411EFB19D800DB79D2 /* Debug */,
				000B0F421EFB19D800DB79D2 /* Release */,
			);
			defaultConfigurationIsVisible = 0;
			defaultConfigurationName = Release;
		};
		000B0F431EFB19D800DB79D2 /* Build configuration list for PBXNativeTarget "HomepwnerUITests" */ = {
			isa = XCConfigurationList;
			buildConfigurations = (
				000B0F441EFB19D800DB79D2 /* Debug */,
				000B0F451EFB19D800DB79D2 /* Release */,
			);
			defaultConfigurationIsVisible = 0;
			defaultConfigurationName = Release;
		};
/* End XCConfigurationList section */
	};
	rootObject = 000B0F0D1EFB19D800DB79D2 /* Project object */;
}
